github.com/bmatsuo/lmdb-go v1.8.0 h1:ohf3Q4xjXZBKh4AayUY4bb2CXuhRAI8BYGlJq08EfNA=
github.com/bmatsuo/lmdb-go v1.8.0/go.mod h1:wWPZmKdOAZsl4qOqkowQ1aCrFie1HU8gWloHMCeAUdM=
github.com/google/codesearch v1.2.0 h1:VlyAH+AntnIbGGArOUs6sEBdPVwYvf1e8Uw3/TC77cA=
github.com/google/codesearch v1.2.0/go.mod h1:9wQjQDVAP7Mvt96tw1KqVeXncdBLOWUYdxRiHlsG6Xc=
